
Microsoft Visual Studio Solution File, Format Version 12.00
# Visual Studio Version 18
VisualStudioVersion = 18.8.12021.73
MinimumVisualStudioVersion = 10.0.40219.1
Project("{2150E333-8FDC-42A3-9474-1A3956D46DE8}") = "src", "src", "{A72560F3-55F3-4343-AD5D-AA74330C400E}"
EndProject
Project("{FAE04EC0-301F-11D3-BF4B-00C04F79EFBC}") = "ModelWinUI", "src\Model.WinUI.Console\ModelWinUI.csproj", "{1D21BE61-D312-9807-9E2A-E3CA094F7C86}"
EndProject
Project("{2150E333-8FDC-42A3-9474-1A3956D46DE8}") = "tests", "tests", "{3A2C5F1E-8B4D-4E7F-9A1C-2D3E4F5A6B7C}"
EndProject
Project("{FAE04EC0-301F-11D3-BF4B-00C04F79EFBC}") = "Model.Diagnostics", "src\Model.Diagnostics\Model.Diagnostics.csproj", "{CBD551F8-C7C6-4910-9286-DBCFD4EBCB5D}"
EndProject
Project("{FAE04EC0-301F-11D3-BF4B-00C04F79EFBC}") = "Model.Geometry", "src\Model.Geometry\Model.Geometry.csproj", "{2ABE76AC-6192-4E3E-ADC3-B4D104573453}"
EndProject
Project("{FAE04EC0-301F-11D3-BF4B-00C04F79EFBC}") = "Model.Data", "src\Model.Data\Model.Data.csproj", "{8A23CB22-5125-4225-A6FF-B822825F57C9}"
EndProject
Project("{FAE04EC0-301F-11D3-BF4B-00C04F79EFBC}") = "Model.Graph", "src\Model.Graph\Model.Graph.csproj", "{07D8A60A-C9FF-4AAA-92B4-25198041085E}"
EndProject
Project("{FAE04EC0-301F-11D3-BF4B-00C04F79EFBC}") = "Model.Skia", "src\Model.Skia\Model.Skia.csproj", "{72118480-6384-41BA-B5A3-112D47DDEEB5}"
EndProject
Project("{FAE04EC0-301F-11D3-BF4B-00C04F79EFBC}") = "ModelConsole.Tests", "tests\ModelConsole.Tests\ModelConsole.Tests.csproj", "{4D3E6094-1FF9-479C-BE62-6E154264AA00}"
EndProject
Project("{FAE04EC0-301F-11D3-BF4B-00C04F79EFBC}") = "Model.Graphics.WinUI", "src\Model.Graphics.WinUI\Model.Graphics.WinUI.csproj", "{911148D4-98B9-469D-82BD-BD0313C6552D}"
EndProject
Project("{FAE04EC0-301F-11D3-BF4B-00C04F79EFBC}") = "Model.Controls.WinUI", "src\Model.Controls.WinUI\Model.Controls.WinUI.csproj", "{94806A8E-EEBF-42E1-B015-01CE075067C9}"
EndProject
Project("{FAE04EC0-301F-11D3-BF4B-00C04F79EFBC}") = "Model.Palette", "src\Model.Palette\Model.Palette.csproj", "{E2A7B84C-1D3E-4F5A-9B6C-D7E8F9A0B1C2}"
EndProject
Global
	GlobalSection(SolutionConfigurationPlatforms) = preSolution
		Debug|ARM64 = Debug|ARM64
		Debug|x64 = Debug|x64
		Debug|x86 = Debug|x86
		Debug|Any CPU = Debug|Any CPU
		Release|ARM64 = Release|ARM64
		Release|x64 = Release|x64
		Release|x86 = Release|x86
		Release|Any CPU = Release|Any CPU
	EndGlobalSection
	GlobalSection(ProjectConfigurationPlatforms) = postSolution
		{1D21BE61-D312-9807-9E2A-E3CA094F7C86}.Debug|ARM64.ActiveCfg = Debug|ARM64
		{1D21BE61-D312-9807-9E2A-E3CA094F7C86}.Debug|ARM64.Build.0 = Debug|ARM64
		{1D21BE61-D312-9807-9E2A-E3CA094F7C86}.Debug|ARM64.Deploy.0 = Debug|ARM64
		{1D21BE61-D312-9807-9E2A-E3CA094F7C86}.Debug|x64.ActiveCfg = Debug|x64
		{1D21BE61-D312-9807-9E2A-E3CA094F7C86}.Debug|x64.Build.0 = Debug|x64
		{1D21BE61-D312-9807-9E2A-E3CA094F7C86}.Debug|x64.Deploy.0 = Debug|x64
		{1D21BE61-D312-9807-9E2A-E3CA094F7C86}.Debug|x86.ActiveCfg = Debug|x86
		{1D21BE61-D312-9807-9E2A-E3CA094F7C86}.Debug|x86.Build.0 = Debug|x86
		{1D21BE61-D312-9807-9E2A-E3CA094F7C86}.Debug|x86.Deploy.0 = Debug|x86
		{1D21BE61-D312-9807-9E2A-E3CA094F7C86}.Debug|Any CPU.ActiveCfg = Debug|Any CPU
		{1D21BE61-D312-9807-9E2A-E3CA094F7C86}.Debug|Any CPU.Build.0 = Debug|Any CPU
		{1D21BE61-D312-9807-9E2A-E3CA094F7C86}.Release|ARM64.ActiveCfg = Release|ARM64
		{1D21BE61-D312-9807-9E2A-E3CA094F7C86}.Release|ARM64.Build.0 = Release|ARM64
		{1D21BE61-D312-9807-9E2A-E3CA094F7C86}.Release|ARM64.Deploy.0 = Release|ARM64
		{1D21BE61-D312-9807-9E2A-E3CA094F7C86}.Release|x64.ActiveCfg = Release|x64
		{1D21BE61-D312-9807-9E2A-E3CA094F7C86}.Release|x64.Build.0 = Release|x64
		{1D21BE61-D312-9807-9E2A-E3CA094F7C86}.Release|x64.Deploy.0 = Release|x64
		{1D21BE61-D312-9807-9E2A-E3CA094F7C86}.Release|x86.ActiveCfg = Release|x86
		{1D21BE61-D312-9807-9E2A-E3CA094F7C86}.Release|x86.Build.0 = Release|x86
		{1D21BE61-D312-9807-9E2A-E3CA094F7C86}.Release|x86.Deploy.0 = Release|x86
		{1D21BE61-D312-9807-9E2A-E3CA094F7C86}.Release|Any CPU.ActiveCfg = Release|Any CPU
		{1D21BE61-D312-9807-9E2A-E3CA094F7C86}.Release|Any CPU.Build.0 = Release|Any CPU
		{CBD551F8-C7C6-4910-9286-DBCFD4EBCB5D}.Debug|ARM64.ActiveCfg = Debug|Any CPU
		{CBD551F8-C7C6-4910-9286-DBCFD4EBCB5D}.Debug|ARM64.Build.0 = Debug|Any CPU
		{CBD551F8-C7C6-4910-9286-DBCFD4EBCB5D}.Debug|x64.ActiveCfg = Debug|Any CPU
		{CBD551F8-C7C6-4910-9286-DBCFD4EBCB5D}.Debug|x64.Build.0 = Debug|Any CPU
		{CBD551F8-C7C6-4910-9286-DBCFD4EBCB5D}.Debug|x86.ActiveCfg = Debug|Any CPU
		{CBD551F8-C7C6-4910-9286-DBCFD4EBCB5D}.Debug|x86.Build.0 = Debug|Any CPU
		{CBD551F8-C7C6-4910-9286-DBCFD4EBCB5D}.Debug|Any CPU.ActiveCfg = Debug|Any CPU
		{CBD551F8-C7C6-4910-9286-DBCFD4EBCB5D}.Debug|Any CPU.Build.0 = Debug|Any CPU
		{CBD551F8-C7C6-4910-9286-DBCFD4EBCB5D}.Release|ARM64.ActiveCfg = Release|Any CPU
		{CBD551F8-C7C6-4910-9286-DBCFD4EBCB5D}.Release|ARM64.Build.0 = Release|Any CPU
		{CBD551F8-C7C6-4910-9286-DBCFD4EBCB5D}.Release|x64.ActiveCfg = Release|Any CPU
		{CBD551F8-C7C6-4910-9286-DBCFD4EBCB5D}.Release|x64.Build.0 = Release|Any CPU
		{CBD551F8-C7C6-4910-9286-DBCFD4EBCB5D}.Release|x86.ActiveCfg = Release|Any CPU
		{CBD551F8-C7C6-4910-9286-DBCFD4EBCB5D}.Release|x86.Build.0 = Release|Any CPU
		{CBD551F8-C7C6-4910-9286-DBCFD4EBCB5D}.Release|Any CPU.ActiveCfg = Release|Any CPU
		{CBD551F8-C7C6-4910-9286-DBCFD4EBCB5D}.Release|Any CPU.Build.0 = Release|Any CPU
		{2ABE76AC-6192-4E3E-ADC3-B4D104573453}.Debug|ARM64.ActiveCfg = Debug|Any CPU
		{2ABE76AC-6192-4E3E-ADC3-B4D104573453}.Debug|ARM64.Build.0 = Debug|Any CPU
		{2ABE76AC-6192-4E3E-ADC3-B4D104573453}.Debug|x64.ActiveCfg = Debug|Any CPU
		{2ABE76AC-6192-4E3E-ADC3-B4D104573453}.Debug|x64.Build.0 = Debug|Any CPU
		{2ABE76AC-6192-4E3E-ADC3-B4D104573453}.Debug|x86.ActiveCfg = Debug|Any CPU
		{2ABE76AC-6192-4E3E-ADC3-B4D104573453}.Debug|x86.Build.0 = Debug|Any CPU
		{2ABE76AC-6192-4E3E-ADC3-B4D104573453}.Debug|Any CPU.ActiveCfg = Debug|Any CPU
		{2ABE76AC-6192-4E3E-ADC3-B4D104573453}.Debug|Any CPU.Build.0 = Debug|Any CPU
		{2ABE76AC-6192-4E3E-ADC3-B4D104573453}.Release|ARM64.ActiveCfg = Release|Any CPU
		{2ABE76AC-6192-4E3E-ADC3-B4D104573453}.Release|ARM64.Build.0 = Release|Any CPU
		{2ABE76AC-6192-4E3E-ADC3-B4D104573453}.Release|x64.ActiveCfg = Release|Any CPU
		{2ABE76AC-6192-4E3E-ADC3-B4D104573453}.Release|x64.Build.0 = Release|Any CPU
		{2ABE76AC-6192-4E3E-ADC3-B4D104573453}.Release|x86.ActiveCfg = Release|Any CPU
		{2ABE76AC-6192-4E3E-ADC3-B4D104573453}.Release|x86.Build.0 = Release|Any CPU
		{2ABE76AC-6192-4E3E-ADC3-B4D104573453}.Release|Any CPU.ActiveCfg = Release|Any CPU
		{2ABE76AC-6192-4E3E-ADC3-B4D104573453}.Release|Any CPU.Build.0 = Release|Any CPU
		{8A23CB22-5125-4225-A6FF-B822825F57C9}.Debug|ARM64.ActiveCfg = Debug|Any CPU
		{8A23CB22-5125-4225-A6FF-B822825F57C9}.Debug|ARM64.Build.0 = Debug|Any CPU
		{8A23CB22-5125-4225-A6FF-B822825F57C9}.Debug|x64.ActiveCfg = Debug|Any CPU
		{8A23CB22-5125-4225-A6FF-B822825F57C9}.Debug|x64.Build.0 = Debug|Any CPU
		{8A23CB22-5125-4225-A6FF-B822825F57C9}.Debug|x86.ActiveCfg = Debug|Any CPU
		{8A23CB22-5125-4225-A6FF-B822825F57C9}.Debug|x86.Build.0 = Debug|Any CPU
		{8A23CB22-5125-4225-A6FF-B822825F57C9}.Debug|Any CPU.ActiveCfg = Debug|Any CPU
		{8A23CB22-5125-4225-A6FF-B822825F57C9}.Debug|Any CPU.Build.0 = Debug|Any CPU
		{8A23CB22-5125-4225-A6FF-B822825F57C9}.Release|ARM64.ActiveCfg = Release|Any CPU
		{8A23CB22-5125-4225-A6FF-B822825F57C9}.Release|ARM64.Build.0 = Release|Any CPU
		{8A23CB22-5125-4225-A6FF-B822825F57C9}.Release|x64.ActiveCfg = Release|Any CPU
		{8A23CB22-5125-4225-A6FF-B822825F57C9}.Release|x64.Build.0 = Release|Any CPU
		{8A23CB22-5125-4225-A6FF-B822825F57C9}.Release|x86.ActiveCfg = Release|Any CPU
		{8A23CB22-5125-4225-A6FF-B822825F57C9}.Release|x86.Build.0 = Release|Any CPU
		{8A23CB22-5125-4225-A6FF-B822825F57C9}.Release|Any CPU.ActiveCfg = Release|Any CPU
		{8A23CB22-5125-4225-A6FF-B822825F57C9}.Release|Any CPU.Build.0 = Release|Any CPU
		{07D8A60A-C9FF-4AAA-92B4-25198041085E}.Debug|ARM64.ActiveCfg = Debug|Any CPU
		{07D8A60A-C9FF-4AAA-92B4-25198041085E}.Debug|ARM64.Build.0 = Debug|Any CPU
		{07D8A60A-C9FF-4AAA-92B4-25198041085E}.Debug|x64.ActiveCfg = Debug|Any CPU
		{07D8A60A-C9FF-4AAA-92B4-25198041085E}.Debug|x64.Build.0 = Debug|Any CPU
		{07D8A60A-C9FF-4AAA-92B4-25198041085E}.Debug|x86.ActiveCfg = Debug|Any CPU
		{07D8A60A-C9FF-4AAA-92B4-25198041085E}.Debug|x86.Build.0 = Debug|Any CPU
		{07D8A60A-C9FF-4AAA-92B4-25198041085E}.Debug|Any CPU.ActiveCfg = Debug|Any CPU
		{07D8A60A-C9FF-4AAA-92B4-25198041085E}.Debug|Any CPU.Build.0 = Debug|Any CPU
		{07D8A60A-C9FF-4AAA-92B4-25198041085E}.Release|ARM64.ActiveCfg = Release|Any CPU
		{07D8A60A-C9FF-4AAA-92B4-25198041085E}.Release|ARM64.Build.0 = Release|Any CPU
		{07D8A60A-C9FF-4AAA-92B4-25198041085E}.Release|x64.ActiveCfg = Release|Any CPU
		{07D8A60A-C9FF-4AAA-92B4-25198041085E}.Release|x64.Build.0 = Release|Any CPU
		{07D8A60A-C9FF-4AAA-92B4-25198041085E}.Release|x86.ActiveCfg = Release|Any CPU
		{07D8A60A-C9FF-4AAA-92B4-25198041085E}.Release|x86.Build.0 = Release|Any CPU
		{07D8A60A-C9FF-4AAA-92B4-25198041085E}.Release|Any CPU.ActiveCfg = Release|Any CPU
		{07D8A60A-C9FF-4AAA-92B4-25198041085E}.Release|Any CPU.Build.0 = Release|Any CPU
		{72118480-6384-41BA-B5A3-112D47DDEEB5}.Debug|ARM64.ActiveCfg = Debug|Any CPU
		{72118480-6384-41BA-B5A3-112D47DDEEB5}.Debug|ARM64.Build.0 = Debug|Any CPU
		{72118480-6384-41BA-B5A3-112D47DDEEB5}.Debug|x64.ActiveCfg = Debug|Any CPU
		{72118480-6384-41BA-B5A3-112D47DDEEB5}.Debug|x64.Build.0 = Debug|Any CPU
		{72118480-6384-41BA-B5A3-112D47DDEEB5}.Debug|x86.ActiveCfg = Debug|Any CPU
		{72118480-6384-41BA-B5A3-112D47DDEEB5}.Debug|x86.Build.0 = Debug|Any CPU
		{72118480-6384-41BA-B5A3-112D47DDEEB5}.Debug|Any CPU.ActiveCfg = Debug|Any CPU
		{72118480-6384-41BA-B5A3-112D47DDEEB5}.Debug|Any CPU.Build.0 = Debug|Any CPU
		{72118480-6384-41BA-B5A3-112D47DDEEB5}.Release|ARM64.ActiveCfg = Release|Any CPU
		{72118480-6384-41BA-B5A3-112D47DDEEB5}.Release|ARM64.Build.0 = Release|Any CPU
		{72118480-6384-41BA-B5A3-112D47DDEEB5}.Release|x64.ActiveCfg = Release|Any CPU
		{72118480-6384-41BA-B5A3-112D47DDEEB5}.Release|x64.Build.0 = Release|Any CPU
		{72118480-6384-41BA-B5A3-112D47DDEEB5}.Release|x86.ActiveCfg = Release|Any CPU
		{72118480-6384-41BA-B5A3-112D47DDEEB5}.Release|x86.Build.0 = Release|Any CPU
		{72118480-6384-41BA-B5A3-112D47DDEEB5}.Release|Any CPU.ActiveCfg = Release|Any CPU
		{72118480-6384-41BA-B5A3-112D47DDEEB5}.Release|Any CPU.Build.0 = Release|Any CPU
		{4D3E6094-1FF9-479C-BE62-6E154264AA00}.Debug|ARM64.ActiveCfg = Debug|Any CPU
		{4D3E6094-1FF9-479C-BE62-6E154264AA00}.Debug|ARM64.Build.0 = Debug|Any CPU
		{4D3E6094-1FF9-479C-BE62-6E154264AA00}.Debug|x64.ActiveCfg = Debug|Any CPU
		{4D3E6094-1FF9-479C-BE62-6E154264AA00}.Debug|x64.Build.0 = Debug|Any CPU
		{4D3E6094-1FF9-479C-BE62-6E154264AA00}.Debug|x86.ActiveCfg = Debug|Any CPU
		{4D3E6094-1FF9-479C-BE62-6E154264AA00}.Debug|x86.Build.0 = Debug|Any CPU
		{4D3E6094-1FF9-479C-BE62-6E154264AA00}.Debug|Any CPU.ActiveCfg = Debug|Any CPU
		{4D3E6094-1FF9-479C-BE62-6E154264AA00}.Debug|Any CPU.Build.0 = Debug|Any CPU
		{4D3E6094-1FF9-479C-BE62-6E154264AA00}.Release|ARM64.ActiveCfg = Release|Any CPU
		{4D3E6094-1FF9-479C-BE62-6E154264AA00}.Release|ARM64.Build.0 = Release|Any CPU
		{4D3E6094-1FF9-479C-BE62-6E154264AA00}.Release|x64.ActiveCfg = Release|Any CPU
		{4D3E6094-1FF9-479C-BE62-6E154264AA00}.Release|x64.Build.0 = Release|Any CPU
		{4D3E6094-1FF9-479C-BE62-6E154264AA00}.Release|x86.ActiveCfg = Release|Any CPU
		{4D3E6094-1FF9-479C-BE62-6E154264AA00}.Release|x86.Build.0 = Release|Any CPU
		{4D3E6094-1FF9-479C-BE62-6E154264AA00}.Release|Any CPU.ActiveCfg = Release|Any CPU
		{4D3E6094-1FF9-479C-BE62-6E154264AA00}.Release|Any CPU.Build.0 = Release|Any CPU
		{911148D4-98B9-469D-82BD-BD0313C6552D}.Debug|ARM64.ActiveCfg = Debug|Any CPU
		{911148D4-98B9-469D-82BD-BD0313C6552D}.Debug|ARM64.Build.0 = Debug|Any CPU
		{911148D4-98B9-469D-82BD-BD0313C6552D}.Debug|x64.ActiveCfg = Debug|Any CPU
		{911148D4-98B9-469D-82BD-BD0313C6552D}.Debug|x64.Build.0 = Debug|Any CPU
		{911148D4-98B9-469D-82BD-BD0313C6552D}.Debug|x86.ActiveCfg = Debug|Any CPU
		{911148D4-98B9-469D-82BD-BD0313C6552D}.Debug|x86.Build.0 = Debug|Any CPU
		{911148D4-98B9-469D-82BD-BD0313C6552D}.Debug|Any CPU.ActiveCfg = Debug|Any CPU
		{911148D4-98B9-469D-82BD-BD0313C6552D}.Debug|Any CPU.Build.0 = Debug|Any CPU
		{911148D4-98B9-469D-82BD-BD0313C6552D}.Release|ARM64.ActiveCfg = Release|Any CPU
		{911148D4-98B9-469D-82BD-BD0313C6552D}.Release|ARM64.Build.0 = Release|Any CPU
		{911148D4-98B9-469D-82BD-BD0313C6552D}.Release|x64.ActiveCfg = Release|Any CPU
		{911148D4-98B9-469D-82BD-BD0313C6552D}.Release|x64.Build.0 = Release|Any CPU
		{911148D4-98B9-469D-82BD-BD0313C6552D}.Release|x86.ActiveCfg = Release|Any CPU
		{911148D4-98B9-469D-82BD-BD0313C6552D}.Release|x86.Build.0 = Release|Any CPU
		{911148D4-98B9-469D-82BD-BD0313C6552D}.Release|Any CPU.ActiveCfg = Release|Any CPU
		{911148D4-98B9-469D-82BD-BD0313C6552D}.Release|Any CPU.Build.0 = Release|Any CPU
		{94806A8E-EEBF-42E1-B015-01CE075067C9}.Debug|ARM64.ActiveCfg = Debug|Any CPU
		{94806A8E-EEBF-42E1-B015-01CE075067C9}.Debug|ARM64.Build.0 = Debug|Any CPU
		{94806A8E-EEBF-42E1-B015-01CE075067C9}.Debug|x64.ActiveCfg = Debug|Any CPU
		{94806A8E-EEBF-42E1-B015-01CE075067C9}.Debug|x64.Build.0 = Debug|Any CPU
		{94806A8E-EEBF-42E1-B015-01CE075067C9}.Debug|x86.ActiveCfg = Debug|Any CPU
		{94806A8E-EEBF-42E1-B015-01CE075067C9}.Debug|x86.Build.0 = Debug|Any CPU
		{94806A8E-EEBF-42E1-B015-01CE075067C9}.Debug|Any CPU.ActiveCfg = Debug|Any CPU
		{94806A8E-EEBF-42E1-B015-01CE075067C9}.Debug|Any CPU.Build.0 = Debug|Any CPU
		{94806A8E-EEBF-42E1-B015-01CE075067C9}.Release|ARM64.ActiveCfg = Release|Any CPU
		{94806A8E-EEBF-42E1-B015-01CE075067C9}.Release|ARM64.Build.0 = Release|Any CPU
		{94806A8E-EEBF-42E1-B015-01CE075067C9}.Release|x64.ActiveCfg = Release|Any CPU
		{94806A8E-EEBF-42E1-B015-01CE075067C9}.Release|x64.Build.0 = Release|Any CPU
		{94806A8E-EEBF-42E1-B015-01CE075067C9}.Release|x86.ActiveCfg = Release|Any CPU
		{94806A8E-EEBF-42E1-B015-01CE075067C9}.Release|x86.Build.0 = Release|Any CPU
		{94806A8E-EEBF-42E1-B015-01CE075067C9}.Release|Any CPU.ActiveCfg = Release|Any CPU
		{94806A8E-EEBF-42E1-B015-01CE075067C9}.Release|Any CPU.Build.0 = Release|Any CPU
		{E2A7B84C-1D3E-4F5A-9B6C-D7E8F9A0B1C2}.Debug|ARM64.ActiveCfg = Debug|Any CPU
		{E2A7B84C-1D3E-4F5A-9B6C-D7E8F9A0B1C2}.Debug|ARM64.Build.0 = Debug|Any CPU
		{E2A7B84C-1D3E-4F5A-9B6C-D7E8F9A0B1C2}.Debug|x64.ActiveCfg = Debug|Any CPU
		{E2A7B84C-1D3E-4F5A-9B6C-D7E8F9A0B1C2}.Debug|x64.Build.0 = Debug|Any CPU
		{E2A7B84C-1D3E-4F5A-9B6C-D7E8F9A0B1C2}.Debug|x86.ActiveCfg = Debug|Any CPU
		{E2A7B84C-1D3E-4F5A-9B6C-D7E8F9A0B1C2}.Debug|x86.Build.0 = Debug|Any CPU
		{E2A7B84C-1D3E-4F5A-9B6C-D7E8F9A0B1C2}.Debug|Any CPU.ActiveCfg = Debug|Any CPU
		{E2A7B84C-1D3E-4F5A-9B6C-D7E8F9A0B1C2}.Debug|Any CPU.Build.0 = Debug|Any CPU
		{E2A7B84C-1D3E-4F5A-9B6C-D7E8F9A0B1C2}.Release|ARM64.ActiveCfg = Release|Any CPU
		{E2A7B84C-1D3E-4F5A-9B6C-D7E8F9A0B1C2}.Release|ARM64.Build.0 = Release|Any CPU
		{E2A7B84C-1D3E-4F5A-9B6C-D7E8F9A0B1C2}.Release|x64.ActiveCfg = Release|Any CPU
		{E2A7B84C-1D3E-4F5A-9B6C-D7E8F9A0B1C2}.Release|x64.Build.0 = Release|Any CPU
		{E2A7B84C-1D3E-4F5A-9B6C-D7E8F9A0B1C2}.Release|x86.ActiveCfg = Release|Any CPU
		{E2A7B84C-1D3E-4F5A-9B6C-D7E8F9A0B1C2}.Release|x86.Build.0 = Release|Any CPU
		{E2A7B84C-1D3E-4F5A-9B6C-D7E8F9A0B1C2}.Release|Any CPU.ActiveCfg = Release|Any CPU
		{E2A7B84C-1D3E-4F5A-9B6C-D7E8F9A0B1C2}.Release|Any CPU.Build.0 = Release|Any CPU
	EndGlobalSection
	GlobalSection(SolutionProperties) = preSolution
		HideSolutionNode = FALSE
	EndGlobalSection
	GlobalSection(NestedProjects) = preSolution
		{1D21BE61-D312-9807-9E2A-E3CA094F7C86} = {A72560F3-55F3-4343-AD5D-AA74330C400E}
		{CBD551F8-C7C6-4910-9286-DBCFD4EBCB5D} = {A72560F3-55F3-4343-AD5D-AA74330C400E}
		{2ABE76AC-6192-4E3E-ADC3-B4D104573453} = {A72560F3-55F3-4343-AD5D-AA74330C400E}
		{8A23CB22-5125-4225-A6FF-B822825F57C9} = {A72560F3-55F3-4343-AD5D-AA74330C400E}
		{07D8A60A-C9FF-4AAA-92B4-25198041085E} = {A72560F3-55F3-4343-AD5D-AA74330C400E}
		{72118480-6384-41BA-B5A3-112D47DDEEB5} = {A72560F3-55F3-4343-AD5D-AA74330C400E}
		{4D3E6094-1FF9-479C-BE62-6E154264AA00} = {3A2C5F1E-8B4D-4E7F-9A1C-2D3E4F5A6B7C}
		{911148D4-98B9-469D-82BD-BD0313C6552D} = {A72560F3-55F3-4343-AD5D-AA74330C400E}
		{94806A8E-EEBF-42E1-B015-01CE075067C9} = {A72560F3-55F3-4343-AD5D-AA74330C400E}
		{E2A7B84C-1D3E-4F5A-9B6C-D7E8F9A0B1C2} = {A72560F3-55F3-4343-AD5D-AA74330C400E}
	EndGlobalSection
	GlobalSection(ExtensibilityGlobals) = postSolution
		SolutionGuid = {E481F4A6-75C6-4BB2-8403-42DBA72FACB3}
	EndGlobalSection
EndGlobal
